
Microsoft Visual Studio Solution File, Format Version 12.00
# Visual Studio Version 17
VisualStudioVersion = 17.8.34511.84
MinimumVisualStudioVersion = 10.0.40219.1
Project("{FAE04EC0-301F-11D3-BF4B-00C04F79EFBC}") = "API", "API.csproj", "{36FB1EAC-1094-4A11-AE39-DB1FC93F4DBE}"
EndProject
Global
	GlobalSection(SolutionConfigurationPlatforms) = preSolution
		Debug|Any CPU = Debug|Any CPU
		Release|Any CPU = Release|Any CPU
	EndGlobalSection
	GlobalSection(ProjectConfigurationPlatforms) = postSolution
		{36FB1EAC-1094-4A11-AE39-DB1FC93F4DBE}.Debug|Any CPU.ActiveCfg = Debug|Any CPU
		{36FB1EAC-1094-4A11-AE39-DB1FC93F4DBE}.Debug|Any CPU.Build.0 = Debug|Any CPU
		{36FB1EAC-1094-4A11-AE39-DB1FC93F4DBE}.Release|Any CPU.ActiveCfg = Release|Any CPU
		{36FB1EAC-1094-4A11-AE39-DB1FC93F4DBE}.Release|Any CPU.Build.0 = Release|Any CPU
	EndGlobalSection
	GlobalSection(SolutionProperties) = preSolution
		HideSolutionNode = FALSE
	EndGlobalSection
	GlobalSection(ExtensibilityGlobals) = postSolution
		SolutionGuid = {1F753045-9A48-48A3-9E98-32398EFFE26D}
	EndGlobalSection
EndGlobal
